
Microsoft Visual Studio Solution File, Format Version 12.00
# Visual Studio Version 17
VisualStudioVersion = 17.12.35527.113
MinimumVisualStudioVersion = 10.0.40219.1
Project("{2150E333-8FDC-42A3-9474-1A3956D46DE8}") = "src", "src", "{DB8ADC53-9F45-4BD4-BC1B-099274123BEF}"
EndProject
Project("{2150E333-8FDC-42A3-9474-1A3956D46DE8}") = "tests", "tests", "{313A6029-05DC-4A22-87FD-ACA4D4F04AE9}"
EndProject
Project("{2150E333-8FDC-42A3-9474-1A3956D46DE8}") = "BackEnd", "BackEnd", "{B8922DB9-7BBB-487C-BB0D-CDEDD967803E}"
EndProject
Project("{2150E333-8FDC-42A3-9474-1A3956D46DE8}") = "Shared", "Shared", "{59FEF7A4-325E-47A4-A2A9-2C381608BF0C}"
EndProject
Project("{FAE04EC0-301F-11D3-BF4B-00C04F79EFBC}") = "MyRecipeBook.API", "src\BackEnd\MyRecipeBook.API\MyRecipeBook.API.csproj", "{5BDF18CD-0B1C-441D-8815-7B0A734F054E}"
EndProject
Project("{FAE04EC0-301F-11D3-BF4B-00C04F79EFBC}") = "MyRecipeBook.Application", "src\BackEnd\MyRecipeBook.Application\MyRecipeBook.Application.csproj", "{2A4D82FB-996D-4C6A-AE89-8A829B8286DD}"
	ProjectSection(ProjectDependencies) = postProject
		{A4985D71-29AB-4FCF-A89A-EEB6F4958E0D} = {A4985D71-29AB-4FCF-A89A-EEB6F4958E0D}
		{C82F96F5-2CEA-4411-AF83-F3DD2EE7CA7E} = {C82F96F5-2CEA-4411-AF83-F3DD2EE7CA7E}
		{EB81CBEA-4246-4CA7-988B-0E6F0359E2A3} = {EB81CBEA-4246-4CA7-988B-0E6F0359E2A3}
	EndProjectSection
EndProject
Project("{FAE04EC0-301F-11D3-BF4B-00C04F79EFBC}") = "MyRecipeBook.Domain", "src\BackEnd\MyRecipeBook.Domain\MyRecipeBook.Domain.csproj", "{EB81CBEA-4246-4CA7-988B-0E6F0359E2A3}"
EndProject
Project("{FAE04EC0-301F-11D3-BF4B-00C04F79EFBC}") = "MyRecipeBook.Infrastructure", "src\BackEnd\MyRecipeBook.Infrastructure\MyRecipeBook.Infrastructure.csproj", "{FE5C7972-EADA-4C65-B1FB-B093AAEFBC4C}"
EndProject
Project("{FAE04EC0-301F-11D3-BF4B-00C04F79EFBC}") = "MyRecipeBook.Communication", "src\Shared\MyRecipeBook.Communication\MyRecipeBook.Communication.csproj", "{A4985D71-29AB-4FCF-A89A-EEB6F4958E0D}"
EndProject
Project("{FAE04EC0-301F-11D3-BF4B-00C04F79EFBC}") = "MyRecipeBook.Exceptions", "src\Shared\MyRecipeBook.Exceptions\MyRecipeBook.Exceptions.csproj", "{C82F96F5-2CEA-4411-AF83-F3DD2EE7CA7E}"
EndProject
Project("{FAE04EC0-301F-11D3-BF4B-00C04F79EFBC}") = "Validators.Test", "tests\Validators.Test\Validators.Test.csproj", "{848475ED-3671-4F7B-86AC-18080E32D5C1}"
EndProject
Project("{FAE04EC0-301F-11D3-BF4B-00C04F79EFBC}") = "CommomTestsUtilities", "tests\CommomTestsUtilities\CommomTestsUtilities.csproj", "{67E09CD6-221F-4379-8E1E-7676E327587D}"
EndProject
Project("{FAE04EC0-301F-11D3-BF4B-00C04F79EFBC}") = "UseCases.Test", "tests\UseCases.Test\UseCases.Test.csproj", "{718F5169-0D71-4C1B-B882-379A37DF77BF}"
EndProject
Project("{FAE04EC0-301F-11D3-BF4B-00C04F79EFBC}") = "WebApi.Test", "tests\WebApi.Test\WebApi.Test.csproj", "{7B894C31-7BF8-450D-AB21-44E797D41789}"
	ProjectSection(ProjectDependencies) = postProject
		{5BDF18CD-0B1C-441D-8815-7B0A734F054E} = {5BDF18CD-0B1C-441D-8815-7B0A734F054E}
		{67E09CD6-221F-4379-8E1E-7676E327587D} = {67E09CD6-221F-4379-8E1E-7676E327587D}
	EndProjectSection
EndProject
Global
	GlobalSection(SolutionConfigurationPlatforms) = preSolution
		Debug|Any CPU = Debug|Any CPU
		Release|Any CPU = Release|Any CPU
	EndGlobalSection
	GlobalSection(ProjectConfigurationPlatforms) = postSolution
		{5BDF18CD-0B1C-441D-8815-7B0A734F054E}.Debug|Any CPU.ActiveCfg = Debug|Any CPU
		{5BDF18CD-0B1C-441D-8815-7B0A734F054E}.Debug|Any CPU.Build.0 = Debug|Any CPU
		{5BDF18CD-0B1C-441D-8815-7B0A734F054E}.Release|Any CPU.ActiveCfg = Release|Any CPU
		{5BDF18CD-0B1C-441D-8815-7B0A734F054E}.Release|Any CPU.Build.0 = Release|Any CPU
		{2A4D82FB-996D-4C6A-AE89-8A829B8286DD}.Debug|Any CPU.ActiveCfg = Debug|Any CPU
		{2A4D82FB-996D-4C6A-AE89-8A829B8286DD}.Debug|Any CPU.Build.0 = Debug|Any CPU
		{2A4D82FB-996D-4C6A-AE89-8A829B8286DD}.Release|Any CPU.ActiveCfg = Release|Any CPU
		{2A4D82FB-996D-4C6A-AE89-8A829B8286DD}.Release|Any CPU.Build.0 = Release|Any CPU
		{EB81CBEA-4246-4CA7-988B-0E6F0359E2A3}.Debug|Any CPU.ActiveCfg = Debug|Any CPU
		{EB81CBEA-4246-4CA7-988B-0E6F0359E2A3}.Debug|Any CPU.Build.0 = Debug|Any CPU
		{EB81CBEA-4246-4CA7-988B-0E6F0359E2A3}.Release|Any CPU.ActiveCfg = Release|Any CPU
		{EB81CBEA-4246-4CA7-988B-0E6F0359E2A3}.Release|Any CPU.Build.0 = Release|Any CPU
		{FE5C7972-EADA-4C65-B1FB-B093AAEFBC4C}.Debug|Any CPU.ActiveCfg = Debug|Any CPU
		{FE5C7972-EADA-4C65-B1FB-B093AAEFBC4C}.Debug|Any CPU.Build.0 = Debug|Any CPU
		{FE5C7972-EADA-4C65-B1FB-B093AAEFBC4C}.Release|Any CPU.ActiveCfg = Release|Any CPU
		{FE5C7972-EADA-4C65-B1FB-B093AAEFBC4C}.Release|Any CPU.Build.0 = Release|Any CPU
		{A4985D71-29AB-4FCF-A89A-EEB6F4958E0D}.Debug|Any CPU.ActiveCfg = Debug|Any CPU
		{A4985D71-29AB-4FCF-A89A-EEB6F4958E0D}.Debug|Any CPU.Build.0 = Debug|Any CPU
		{A4985D71-29AB-4FCF-A89A-EEB6F4958E0D}.Release|Any CPU.ActiveCfg = Release|Any CPU
		{A4985D71-29AB-4FCF-A89A-EEB6F4958E0D}.Release|Any CPU.Build.0 = Release|Any CPU
		{C82F96F5-2CEA-4411-AF83-F3DD2EE7CA7E}.Debug|Any CPU.ActiveCfg = Debug|Any CPU
		{C82F96F5-2CEA-4411-AF83-F3DD2EE7CA7E}.Debug|Any CPU.Build.0 = Debug|Any CPU
		{C82F96F5-2CEA-4411-AF83-F3DD2EE7CA7E}.Release|Any CPU.ActiveCfg = Release|Any CPU
		{C82F96F5-2CEA-4411-AF83-F3DD2EE7CA7E}.Release|Any CPU.Build.0 = Release|Any CPU
		{848475ED-3671-4F7B-86AC-18080E32D5C1}.Debug|Any CPU.ActiveCfg = Debug|Any CPU
		{848475ED-3671-4F7B-86AC-18080E32D5C1}.Debug|Any CPU.Build.0 = Debug|Any CPU
		{848475ED-3671-4F7B-86AC-18080E32D5C1}.Release|Any CPU.ActiveCfg = Release|Any CPU
		{848475ED-3671-4F7B-86AC-18080E32D5C1}.Release|Any CPU.Build.0 = Release|Any CPU
		{67E09CD6-221F-4379-8E1E-7676E327587D}.Debug|Any CPU.ActiveCfg = Debug|Any CPU
		{67E09CD6-221F-4379-8E1E-7676E327587D}.Debug|Any CPU.Build.0 = Debug|Any CPU
		{67E09CD6-221F-4379-8E1E-7676E327587D}.Release|Any CPU.ActiveCfg = Release|Any CPU
		{67E09CD6-221F-4379-8E1E-7676E327587D}.Release|Any CPU.Build.0 = Release|Any CPU
		{718F5169-0D71-4C1B-B882-379A37DF77BF}.Debug|Any CPU.ActiveCfg = Debug|Any CPU
		{718F5169-0D71-4C1B-B882-379A37DF77BF}.Debug|Any CPU.Build.0 = Debug|Any CPU
		{718F5169-0D71-4C1B-B882-379A37DF77BF}.Release|Any CPU.ActiveCfg = Release|Any CPU
		{718F5169-0D71-4C1B-B882-379A37DF77BF}.Release|Any CPU.Build.0 = Release|Any CPU
		{7B894C31-7BF8-450D-AB21-44E797D41789}.Debug|Any CPU.ActiveCfg = Debug|Any CPU
		{7B894C31-7BF8-450D-AB21-44E797D41789}.Debug|Any CPU.Build.0 = Debug|Any CPU
		{7B894C31-7BF8-450D-AB21-44E797D41789}.Release|Any CPU.ActiveCfg = Release|Any CPU
		{7B894C31-7BF8-450D-AB21-44E797D41789}.Release|Any CPU.Build.0 = Release|Any CPU
	EndGlobalSection
	GlobalSection(SolutionProperties) = preSolution
		HideSolutionNode = FALSE
	EndGlobalSection
	GlobalSection(NestedProjects) = preSolution
		{B8922DB9-7BBB-487C-BB0D-CDEDD967803E} = {DB8ADC53-9F45-4BD4-BC1B-099274123BEF}
		{59FEF7A4-325E-47A4-A2A9-2C381608BF0C} = {DB8ADC53-9F45-4BD4-BC1B-099274123BEF}
		{5BDF18CD-0B1C-441D-8815-7B0A734F054E} = {B8922DB9-7BBB-487C-BB0D-CDEDD967803E}
		{2A4D82FB-996D-4C6A-AE89-8A829B8286DD} = {B8922DB9-7BBB-487C-BB0D-CDEDD967803E}
		{EB81CBEA-4246-4CA7-988B-0E6F0359E2A3} = {B8922DB9-7BBB-487C-BB0D-CDEDD967803E}
		{FE5C7972-EADA-4C65-B1FB-B093AAEFBC4C} = {B8922DB9-7BBB-487C-BB0D-CDEDD967803E}
		{A4985D71-29AB-4FCF-A89A-EEB6F4958E0D} = {59FEF7A4-325E-47A4-A2A9-2C381608BF0C}
		{C82F96F5-2CEA-4411-AF83-F3DD2EE7CA7E} = {59FEF7A4-325E-47A4-A2A9-2C381608BF0C}
		{848475ED-3671-4F7B-86AC-18080E32D5C1} = {313A6029-05DC-4A22-87FD-ACA4D4F04AE9}
		{67E09CD6-221F-4379-8E1E-7676E327587D} = {313A6029-05DC-4A22-87FD-ACA4D4F04AE9}
		{718F5169-0D71-4C1B-B882-379A37DF77BF} = {313A6029-05DC-4A22-87FD-ACA4D4F04AE9}
		{7B894C31-7BF8-450D-AB21-44E797D41789} = {313A6029-05DC-4A22-87FD-ACA4D4F04AE9}
	EndGlobalSection
EndGlobal
